{
  "name": "@kihara777/dsh-api-balance",
  "version": "0.1.0",
  "lockfileVersion": 3,
  "requires": true,
  "packages": {
    "": {
      "name": "@kihara777/dsh-api-balance",
      "version": "0.1.0",
      "license": "MIT",
      "dependencies": {
        "@deepseek-ai/dsh-credentials": "0.1.1-rc.2"
      }
    },
    "node_modules/@deepseek-ai/dsh-credentials": {
      "version": "0.1.1-rc.2",
      "resolved": "https://registry.npmjs.org/@deepseek-ai/dsh-credentials/-/dsh-credentials-0.1.1-rc.2.tgz",
      "integrity": "sha512-aeVBaH07rox7NuSNbSqbz8g0eNb2IIhNbrZngj/VxUsr/TR9TXOq7lm1CL6SBUDlstGw3vNWeXyhim/DmA5iSQ==",
      "license": "MIT",
      "peerDependencies": {
        "@deepseek-ai/cordis": "^4.0.1",
        "@deepseek-ai/dsh-brand": "^0.1.1-rc.2",
        "@deepseek-ai/dsh-invariants": "^0.1.1-rc.2"
      }
    }
  }
}
